
Microsoft Visual Studio Solution File, Format Version 12.00
# Visual Studio Version 17
VisualStudioVersion = 17.6.33717.318
MinimumVisualStudioVersion = 10.0.40219.1
Project("{FAE04EC0-301F-11D3-BF4B-00C04F79EFBC}") = "TodoApp", "TodoApp\TodoApp.csproj", "{6C9660BD-CC85-4562-844C-1535D820B9CE}"
EndProject
Global
	GlobalSection(SolutionConfigurationPlatforms) = preSolution
		Debug|Any CPU = Debug|Any CPU
		Release|Any CPU = Release|Any CPU
	EndGlobalSection
	GlobalSection(ProjectConfigurationPlatforms) = postSolution
		{6C9660BD-CC85-4562-844C-1535D820B9CE}.Debug|Any CPU.ActiveCfg = Debug|Any CPU
		{6C9660BD-CC85-4562-844C-1535D820B9CE}.Debug|Any CPU.Build.0 = Debug|Any CPU
		{6C9660BD-CC85-4562-844C-1535D820B9CE}.Release|Any CPU.ActiveCfg = Release|Any CPU
		{6C9660BD-CC85-4562-844C-1535D820B9CE}.Release|Any CPU.Build.0 = Release|Any CPU
	EndGlobalSection
	GlobalSection(SolutionProperties) = preSolution
		HideSolutionNode = FALSE
	EndGlobalSection
	GlobalSection(ExtensibilityGlobals) = postSolution
		SolutionGuid = {2F1997C7-6C15-4AB5-8B12-C9755CF3EA84}
	EndGlobalSection
EndGlobal
